{
  "object": {
    "pins": [
      {
        "package": "Segment",
        "repositoryURL": "https://github.com/segmentio/analytics-swift.git",
        "state": {
          "branch": null,
          "revision": "79fb17a5d4abf8f80e6a0935e57c7df7b670a6c0",
          "version": "1.4.1"
        }
      },
      {
        "package": "Bugsnag",
        "repositoryURL": "https://github.com/bugsnag/bugsnag-cocoa",
        "state": {
          "branch": null,
          "revision": "c730af7a4676617d82394782300df997d9a356cd",
          "version": "6.26.2"
        }
      },
      {
        "package": "Sovran",
        "repositoryURL": "https://github.com/segmentio/Sovran-Swift.git",
        "state": {
          "branch": null,
          "revision": "944c17d7c46bd95fc37f09136cabd172be5b413b",
          "version": "1.0.3"
        }
      }
    ]
  },
  "version": 1
}
